// !$*UTF8*$!
{
	archiveVersion = 1;
	classes = {
	};
	objectVersion = 46;
	objects = {

/* Begin PBXBuildFile section */
		6EA9D3571914ADC1004ED270 /* Foundation.framework in Frameworks */ = {isa = PBXBuildFile; fileRef = 6EA9D3561914ADC1004ED270 /* Foundation.framework */; };
		6EA9D3591914ADC1004ED270 /* CoreGraphics.framework in Frameworks */ = {isa = PBXBuildFile; fileRef = 6EA9D3581914ADC1004ED270 /* CoreGraphics.framework */; };
		6EA9D35B1914ADC1004ED270 /* UIKit.framework in Frameworks */ = {isa = PBXBuildFile; fileRef = 6EA9D35A1914ADC1004ED270 /* UIKit.framework */; };
		6EA9D3611914ADC1004ED270 /* InfoPlist.strings in Resources */ = {isa = PBXBuildFile; fileRef = 6EA9D35F1914ADC1004ED270 /* InfoPlist.strings */; };
		6EA9D3631914ADC1004ED270 /* main.m in Sources */ = {isa = PBXBuildFile; fileRef = 6EA9D3621914ADC1004ED270 /* main.m */; };
		6EA9D3671914ADC1004ED270 /* AppDelegate.m in Sources */ = {isa = PBXBuildFile; fileRef = 6EA9D3661914ADC1004ED270 /* AppDelegate.m */; };
		6EA9D3691914ADC1004ED270 /* Images.xcassets in Resources */ = {isa = PBXBuildFile; fileRef = 6EA9D3681914ADC1004ED270 /* Images.xcassets */; };
		6EA9D3701914ADC1004ED270 /* XCTest.framework in Frameworks */ = {isa = PBXBuildFile; fileRef = 6EA9D36F1914ADC1004ED270 /* XCTest.framework */; };
		6EA9D3711914ADC1004ED270 /* Foundation.framework in Frameworks */ = {isa = PBXBuildFile; fileRef = 6EA9D3561914ADC1004ED270 /* Foundation.framework */; };
		6EA9D3721914ADC1004ED270 /* UIKit.framework in Frameworks */ = {isa = PBXBuildFile; fileRef = 6EA9D35A1914ADC1004ED270 /* UIKit.framework */; };
		6EA9D37A1914ADC1004ED270 /* InfoPlist.strings in Resources */ = {isa = PBXBuildFile; fileRef = 6EA9D3781914ADC1004ED270 /* InfoPlist.strings */; };
		6EA9D37C1914ADC1004ED270 /* TipCaculatorTests.m in Sources */ = {isa = PBXBuildFile; fileRef = 6EA9D37B1914ADC1004ED270 /* TipCaculatorTests.m */; };
/* End PBXBuildFile section */

/* Begin PBXContainerItemProxy section */
		6EA9D3731914ADC1004ED270 /* PBXContainerItemProxy */ = {
			isa = PBXContainerItemProxy;
			containerPortal = 6EA9D34B1914ADC1004ED270 /* Project object */;
			proxyType = 1;
			remoteGlobalIDString = 6EA9D3521914ADC1004ED270;
			remoteInfo = TipCaculator;
		};
/* End PBXContainerItemProxy section */

/* Begin PBXFileReference section */
		6EA9D3531914ADC1004ED270 /* TipCaculator.app */ = {isa = PBXFileReference; explicitFileType = wrapper.application; includeInIndex = 0; path = TipCaculator.app; sourceTree = BUILT_PRODUCTS_DIR; };
		6EA9D3561914ADC1004ED270 /* Foundation.framework */ = {isa = PBXFileReference; lastKnownFileType = wrapper.framework; name = Foundation.framework; path = System/Library/Frameworks/Foundation.framework; sourceTree = SDKROOT; };
		6EA9D3581914ADC1004ED270 /* CoreGraphics.framework */ = {isa = PBXFileReference; lastKnownFileType = wrapper.framework; name = CoreGraphics.framework; path = System/Library/Frameworks/CoreGraphics.framework; sourceTree = SDKROOT; };
		6EA9D35A1914ADC1004ED270 /* UIKit.framework */ = {isa = PBXFileReference; lastKnownFileType = wrapper.framework; name = UIKit.framework; path = System/Library/Frameworks/UIKit.framework; sourceTree = SDKROOT; };
		6EA9D35E1914ADC1004ED270 /* TipCaculator-Info.plist */ = {isa = PBXFileReference; lastKnownFileType = text.plist.xml; path = "TipCaculator-Info.plist"; sourceTree = "<group>"; };
		6EA9D3601914ADC1004ED270 /* en */ = {isa = PBXFileReference; lastKnownFileType = text.plist.strings; name = en; path = en.lproj/InfoPlist.strings; sourceTree = "<group>"; };
		6EA9D3621914ADC1004ED270 /* main.m */ = {isa = PBXFileReference; lastKnownFileType = sourcecode.c.objc; path = main.m; sourceTree = "<group>"; };
		6EA9D3641914ADC1004ED270 /* TipCaculator-Prefix.pch */ = {isa = PBXFileReference; lastKnownFileType = sourcecode.c.h; path = "TipCaculator-Prefix.pch"; sourceTree = "<group>"; };
		6EA9D3651914ADC1004ED270 /* AppDelegate.h */ = {isa = PBXFileReference; lastKnownFileType = sourcecode.c.h; path = AppDelegate.h; sourceTree = "<group>"; };
		6EA9D3661914ADC1004ED270 /* AppDelegate.m */ = {isa = PBXFileReference; lastKnownFileType = sourcecode.c.objc; path = AppDelegate.m; sourceTree = "<group>"; };
		6EA9D3681914ADC1004ED270 /* Images.xcassets */ = {isa = PBXFileReference; lastKnownFileType = folder.assetcatalog; path = Images.xcassets; sourceTree = "<group>"; };
		6EA9D36E1914ADC1004ED270 /* TipCaculatorTests.xctest */ = {isa = PBXFileReference; explicitFileType = wrapper.cfbundle; includeInIndex = 0; path = TipCaculatorTests.xctest; sourceTree = BUILT_PRODUCTS_DIR; };
		6EA9D36F1914ADC1004ED270 /* XCTest.framework */ = {isa = PBXFileReference; lastKnownFileType = wrapper.framework; name = XCTest.framework; path = Library/Frameworks/XCTest.framework; sourceTree = DEVELOPER_DIR; };
		6EA9D3771914ADC1004ED270 /* TipCaculatorTests-Info.plist */ = {isa = PBXFileReference; lastKnownFileType = text.plist.xml; path = "TipCaculatorTests-Info.plist"; sourceTree = "<group>"; };
		6EA9D3791914ADC1004ED270 /* en */ = {isa = PBXFileReference; lastKnownFileType = text.plist.strings; name = en; path = en.lproj/InfoPlist.strings; sourceTree = "<group>"; };
		6EA9D37B1914ADC1004ED270 /* TipCaculatorTests.m */ = {isa = PBXFileReference; lastKnownFileType = sourcecode.c.objc; path = TipCaculatorTests.m; sourceTree = "<group>"; };
/* End PBXFileReference section */

/* Begin PBXFrameworksBuildPhase section */
		6EA9D3501914ADC1004ED270 /* Frameworks */ = {
			isa = PBXFrameworksBuildPhase;
			buildActionMask = 2147483647;
			files = (
				6EA9D3591914ADC1004ED270 /* CoreGraphics.framework in Frameworks */,
				6EA9D35B1914ADC1004ED270 /* UIKit.framework in Frameworks */,
				6EA9D3571914ADC1004ED270 /* Foundation.framework in Frameworks */,
			);
			runOnlyForDeploymentPostprocessing = 0;
		};
		6EA9D36B1914ADC1004ED270 /* Frameworks */ = {
			isa = PBXFrameworksBuildPhase;
			buildActionMask = 2147483647;
			files = (
				6EA9D3701914ADC1004ED270 /* XCTest.framework in Frameworks */,
				6EA9D3721914ADC1004ED270 /* UIKit.framework in Frameworks */,
				6EA9D3711914ADC1004ED270 /* Foundation.framework in Frameworks */,
			);
			runOnlyForDeploymentPostprocessing = 0;
		};
/* End PBXFrameworksBuildPhase section */

/* Begin PBXGroup section */
		6EA9D34A1914ADC1004ED270 = {
			isa = PBXGroup;
			children = (
				6EA9D35C1914ADC1004ED270 /* TipCaculator */,
				6EA9D3751914ADC1004ED270 /* TipCaculatorTests */,
				6EA9D3551914ADC1004ED270 /* Frameworks */,
				6EA9D3541914ADC1004ED270 /* Products */,
			);
			sourceTree = "<group>";
		};
		6EA9D3541914ADC1004ED270 /* Products */ = {
			isa = PBXGroup;
			children = (
				6EA9D3531914ADC1004ED270 /* TipCaculator.app */,
				6EA9D36E1914ADC1004ED270 /* TipCaculatorTests.xctest */,
			);
			name = Products;
			sourceTree = "<group>";
		};
		6EA9D3551914ADC1004ED270 /* Frameworks */ = {
			isa = PBXGroup;
			children = (
				6EA9D3561914ADC1004ED270 /* Foundation.framework */,
				6EA9D3581914ADC1004ED270 /* CoreGraphics.framework */,
				6EA9D35A1914ADC1004ED270 /* UIKit.framework */,
				6EA9D36F1914ADC1004ED270 /* XCTest.framework */,
			);
			name = Frameworks;
			sourceTree = "<group>";
		};
		6EA9D35C1914ADC1004ED270 /* TipCaculator */ = {
			isa = PBXGroup;
			children = (
				6EA9D3651914ADC1004ED270 /* AppDelegate.h */,
				6EA9D3661914ADC1004ED270 /* AppDelegate.m */,
				6EA9D3681914ADC1004ED270 /* Images.xcassets */,
				6EA9D35D1914ADC1004ED270 /* Supporting Files */,
			);
			path = TipCaculator;
			sourceTree = "<group>";
		};
		6EA9D35D1914ADC1004ED270 /* Supporting Files */ = {
			isa = PBXGroup;
			children = (
				6EA9D35E1914ADC1004ED270 /* TipCaculator-Info.plist */,
				6EA9D35F1914ADC1004ED270 /* InfoPlist.strings */,
				6EA9D3621914ADC1004ED270 /* main.m */,
				6EA9D3641914ADC1004ED270 /* TipCaculator-Prefix.pch */,
			);
			name = "Supporting Files";
			sourceTree = "<group>";
		};
		6EA9D3751914ADC1004ED270 /* TipCaculatorTests */ = {
			isa = PBXGroup;
			children = (
				6EA9D37B1914ADC1004ED270 /* TipCaculatorTests.m */,
				6EA9D3761914ADC1004ED270 /* Supporting Files */,
			);
			path = TipCaculatorTests;
			sourceTree = "<group>";
		};
		6EA9D3761914ADC1004ED270 /* Supporting Files */ = {
			isa = PBXGroup;
			children = (
				6EA9D3771914ADC1004ED270 /* TipCaculatorTests-Info.plist */,
				6EA9D3781914ADC1004ED270 /* InfoPlist.strings */,
			);
			name = "Supporting Files";
			sourceTree = "<group>";
		};
/* End PBXGroup section */

/* Begin PBXNativeTarget section */
		6EA9D3521914ADC1004ED270 /* TipCaculator */ = {
			isa = PBXNativeTarget;
			buildConfigurationList = 6EA9D37F1914ADC1004ED270 /* Build configuration list for PBXNativeTarget "TipCaculator" */;
			buildPhases = (
				6EA9D34F1914ADC1004ED270 /* Sources */,
				6EA9D3501914ADC1004ED270 /* Frameworks */,
				6EA9D3511914ADC1004ED270 /* Resources */,
			);
			buildRules = (
			);
			dependencies = (
			);
			name = TipCaculator;
			productName = TipCaculator;
			productReference = 6EA9D3531914ADC1004ED270 /* TipCaculator.app */;
			productType = "com.apple.product-type.application";
		};
		6EA9D36D1914ADC1004ED270 /* TipCaculatorTests */ = {
			isa = PBXNativeTarget;
			buildConfigurationList = 6EA9D3821914ADC1004ED270 /* Build configuration list for PBXNativeTarget "TipCaculatorTests" */;
			buildPhases = (
				6EA9D36A1914ADC1004ED270 /* Sources */,
				6EA9D36B1914ADC1004ED270 /* Frameworks */,
				6EA9D36C1914ADC1004ED270 /* Resources */,
			);
			buildRules = (
			);
			dependencies = (
				6EA9D3741914ADC1004ED270 /* PBXTargetDependency */,
			);
			name = TipCaculatorTests;
			productName = TipCaculatorTests;
			productReference = 6EA9D36E1914ADC1004ED270 /* TipCaculatorTests.xctest */;
			productType = "com.apple.product-type.bundle.unit-test";
		};
/* End PBXNativeTarget section */

/* Begin PBXProject section */
		6EA9D34B1914ADC1004ED270 /* Project object */ = {
			isa = PBXProject;
			attributes = {
				LastUpgradeCheck = 0510;
				ORGANIZATIONNAME = "___FULLUSERNAME___";
				TargetAttributes = {
					6EA9D36D1914ADC1004ED270 = {
						TestTargetID = 6EA9D3521914ADC1004ED270;
					};
				};
			};
			buildConfigurationList = 6EA9D34E1914ADC1004ED270 /* Build configuration list for PBXProject "TipCaculator" */;
			compatibilityVersion = "Xcode 3.2";
			developmentRegion = English;
			hasScannedForEncodings = 0;
			knownRegions = (
				en,
			);
			mainGroup = 6EA9D34A1914ADC1004ED270;
			productRefGroup = 6EA9D3541914ADC1004ED270 /* Products */;
			projectDirPath = "";
			projectRoot = "";
			targets = (
				6EA9D3521914ADC1004ED270 /* TipCaculator */,
				6EA9D36D1914ADC1004ED270 /* TipCaculatorTests */,
			);
		};
/* End PBXProject section */

/* Begin PBXResourcesBuildPhase section */
		6EA9D3511914ADC1004ED270 /* Resources */ = {
			isa = PBXResourcesBuildPhase;
			buildActionMask = 2147483647;
			files = (
				6EA9D3611914ADC1004ED270 /* InfoPlist.strings in Resources */,
				6EA9D3691914ADC1004ED270 /* Images.xcassets in Resources */,
			);
			runOnlyForDeploymentPostprocessing = 0;
		};
		6EA9D36C1914ADC1004ED270 /* Resources */ = {
			isa = PBXResourcesBuildPhase;
			buildActionMask = 2147483647;
			files = (
				6EA9D37A1914ADC1004ED270 /* InfoPlist.strings in Resources */,
			);
			runOnlyForDeploymentPostprocessing = 0;
		};
/* End PBXResourcesBuildPhase section */

/* Begin PBXSourcesBuildPhase section */
		6EA9D34F1914ADC1004ED270 /* Sources */ = {
			isa = PBXSourcesBuildPhase;
			buildActionMask = 2147483647;
			files = (
				6EA9D3671914ADC1004ED270 /* AppDelegate.m in Sources */,
				6EA9D3631914ADC1004ED270 /* main.m in Sources */,
			);
			runOnlyForDeploymentPostprocessing = 0;
		};
		6EA9D36A1914ADC1004ED270 /* Sources */ = {
			isa = PBXSourcesBuildPhase;
			buildActionMask = 2147483647;
			files = (
				6EA9D37C1914ADC1004ED270 /* TipCaculatorTests.m in Sources */,
			);
			runOnlyForDeploymentPostprocessing = 0;
		};
/* End PBXSourcesBuildPhase section */

/* Begin PBXTargetDependency section */
		6EA9D3741914ADC1004ED270 /* PBXTargetDependency */ = {
			isa = PBXTargetDependency;
			target = 6EA9D3521914ADC1004ED270 /* TipCaculator */;
			targetProxy = 6EA9D3731914ADC1004ED270 /* PBXContainerItemProxy */;
		};
/* End PBXTargetDependency section */

/* Begin PBXVariantGroup section */
		6EA9D35F1914ADC1004ED270 /* InfoPlist.strings */ = {
			isa = PBXVariantGroup;
			children = (
				6EA9D3601914ADC1004ED270 /* en */,
			);
			name = InfoPlist.strings;
			sourceTree = "<group>";
		};
		6EA9D3781914ADC1004ED270 /* InfoPlist.strings */ = {
			isa = PBXVariantGroup;
			children = (
				6EA9D3791914ADC1004ED270 /* en */,
			);
			name = InfoPlist.strings;
			sourceTree = "<group>";
		};
/* End PBXVariantGroup section */

/* Begin XCBuildConfiguration section */
		6EA9D37D1914ADC1004ED270 /* Debug */ = {
			isa = XCBuildConfiguration;
			buildSettings = {
				ALWAYS_SEARCH_USER_PATHS = NO;
				CLANG_CXX_LANGUAGE_STANDARD = "gnu++0x";
				CLANG_CXX_LIBRARY = "libc++";
				CLANG_ENABLE_MODULES = YES;
				CLANG_ENABLE_OBJC_ARC = YES;
				CLANG_WARN_BOOL_CONVERSION = YES;
				CLANG_WARN_CONSTANT_CONVERSION = YES;
				CLANG_WARN_DIRECT_OBJC_ISA_USAGE = YES_ERROR;
				CLANG_WARN_EMPTY_BODY = YES;
				CLANG_WARN_ENUM_CONVERSION = YES;
				CLANG_WARN_INT_CONVERSION = YES;
				CLANG_WARN_OBJC_ROOT_CLASS = YES_ERROR;
				CLANG_WARN__DUPLICATE_METHOD_MATCH = YES;
				"CODE_SIGN_IDENTITY[sdk=iphoneos*]" = "iPhone Developer";
				COPY_PHASE_STRIP = NO;
				GCC_C_LANGUAGE_STANDARD = gnu99;
				GCC_DYNAMIC_NO_PIC = NO;
				GCC_OPTIMIZATION_LEVEL = 0;
				GCC_PREPROCESSOR_DEFINITIONS = (
					"DEBUG=1",
					"$(inherited)",
				);
				GCC_SYMBOLS_PRIVATE_EXTERN = NO;
				GCC_WARN_64_TO_32_BIT_CONVERSION = YES;
				GCC_WARN_ABOUT_RETURN_TYPE = YES_ERROR;
				GCC_WARN_UNDECLARED_SELECTOR = YES;
				GCC_WARN_UNINITIALIZED_AUTOS = YES_AGGRESSIVE;
				GCC_WARN_UNUSED_FUNCTION = YES;
				GCC_WARN_UNUSED_VARIABLE = YES;
				IPHONEOS_DEPLOYMENT_TARGET = 7.1;
				ONLY_ACTIVE_ARCH = YES;
				SDKROOT = iphoneos;
			};
			name = Debug;
		};
		6EA9D37E1914ADC1004ED270 /* Release */ = {
			isa = XCBuildConfiguration;
			buildSettings = {
				ALWAYS_SEARCH_USER_PATHS = NO;
				CLANG_CXX_LANGUAGE_STANDARD = "gnu++0x";
				CLANG_CXX_LIBRARY = "libc++";
				CLANG_ENABLE_MODULES = YES;
				CLANG_ENABLE_OBJC_ARC = YES;
				CLANG_WARN_BOOL_CONVERSION = YES;
				CLANG_WARN_CONSTANT_CONVERSION = YES;
				CLANG_WARN_DIRECT_OBJC_ISA_USAGE = YES_ERROR;
				CLANG_WARN_EMPTY_BODY = YES;
				CLANG_WARN_ENUM_CONVERSION = YES;
				CLANG_WARN_INT_CONVERSION = YES;
				CLANG_WARN_OBJC_ROOT_CLASS = YES_ERROR;
				CLANG_WARN__DUPLICATE_METHOD_MATCH = YES;
				"CODE_SIGN_IDENTITY[sdk=iphoneos*]" = "iPhone Developer";
				COPY_PHASE_STRIP = YES;
				ENABLE_NS_ASSERTIONS = NO;
				GCC_C_LANGUAGE_STANDARD = gnu99;
				GCC_WARN_64_TO_32_BIT_CONVERSION = YES;
				GCC_WARN_ABOUT_RETURN_TYPE = YES_ERROR;
				GCC_WARN_UNDECLARED_SELECTOR = YES;
				GCC_WARN_UNINITIALIZED_AUTOS = YES_AGGRESSIVE;
				GCC_WARN_UNUSED_FUNCTION = YES;
				GCC_WARN_UNUSED_VARIABLE = YES;
				IPHONEOS_DEPLOYMENT_TARGET = 7.1;
				SDKROOT = iphoneos;
				VALIDATE_PRODUCT = YES;
			};
			name = Release;
		};
		6EA9D3801914ADC1004ED270 /* Debug */ = {
			isa = XCBuildConfiguration;
			buildSettings = {
				ASSETCATALOG_COMPILER_APPICON_NAME = AppIcon;
				ASSETCATALOG_COMPILER_LAUNCHIMAGE_NAME = LaunchImage;
				GCC_PRECOMPILE_PREFIX_HEADER = YES;
				GCC_PREFIX_HEADER = "TipCaculator/TipCaculator-Prefix.pch";
				INFOPLIST_FILE = "TipCaculator/TipCaculator-Info.plist";
				PRODUCT_NAME = "$(TARGET_NAME)";
				WRAPPER_EXTENSION = app;
			};
			name = Debug;
		};
		6EA9D3811914ADC1004ED270 /* Release */ = {
			isa = XCBuildConfiguration;
			buildSettings = {
				ASSETCATALOG_COMPILER_APPICON_NAME = AppIcon;
				ASSETCATALOG_COMPILER_LAUNCHIMAGE_NAME = LaunchImage;
				GCC_PRECOMPILE_PREFIX_HEADER = YES;
				GCC_PREFIX_HEADER = "TipCaculator/TipCaculator-Prefix.pch";
				INFOPLIST_FILE = "TipCaculator/TipCaculator-Info.plist";
				PRODUCT_NAME = "$(TARGET_NAME)";
				WRAPPER_EXTENSION = app;
			};
			name = Release;
		};
		6EA9D3831914ADC1004ED270 /* Debug */ = {
			isa = XCBuildConfiguration;
			buildSettings = {
				BUNDLE_LOADER = "$(BUILT_PRODUCTS_DIR)/TipCaculator.app/TipCaculator";
				FRAMEWORK_SEARCH_PATHS = (
					"$(SDKROOT)/Developer/Library/Frameworks",
					"$(inherited)",
					"$(DEVELOPER_FRAMEWORKS_DIR)",
				);
				GCC_PRECOMPILE_PREFIX_HEADER = YES;
				GCC_PREFIX_HEADER = "TipCaculator/TipCaculator-Prefix.pch";
				GCC_PREPROCESSOR_DEFINITIONS = (
					"DEBUG=1",
					"$(inherited)",
				);
				INFOPLIST_FILE = "TipCaculatorTests/TipCaculatorTests-Info.plist";
				PRODUCT_NAME = "$(TARGET_NAME)";
				TEST_HOST = "$(BUNDLE_LOADER)";
				WRAPPER_EXTENSION = xctest;
			};
			name = Debug;
		};
		6EA9D3841914ADC1004ED270 /* Release */ = {
			isa = XCBuildConfiguration;
			buildSettings = {
				BUNDLE_LOADER = "$(BUILT_PRODUCTS_DIR)/TipCaculator.app/TipCaculator";
				FRAMEWORK_SEARCH_PATHS = (
					"$(SDKROOT)/Developer/Library/Frameworks",
					"$(inherited)",
					"$(DEVELOPER_FRAMEWORKS_DIR)",
				);
				GCC_PRECOMPILE_PREFIX_HEADER = YES;
				GCC_PREFIX_HEADER = "TipCaculator/TipCaculator-Prefix.pch";
				INFOPLIST_FILE = "TipCaculatorTests/TipCaculatorTests-Info.plist";
				PRODUCT_NAME = "$(TARGET_NAME)";
				TEST_HOST = "$(BUNDLE_LOADER)";
				WRAPPER_EXTENSION = xctest;
			};
			name = Release;
		};
/* End XCBuildConfiguration section */

/* Begin XCConfigurationList section */
		6EA9D34E1914ADC1004ED270 /* Build configuration list for PBXProject "TipCaculator" */ = {
			isa = XCConfigurationList;
			buildConfigurations = (
				6EA9D37D1914ADC1004ED270 /* Debug */,
				6EA9D37E1914ADC1004ED270 /* Release */,
			);
			defaultConfigurationIsVisible = 0;
			defaultConfigurationName = Release;
		};
		6EA9D37F1914ADC1004ED270 /* Build configuration list for PBXNativeTarget "TipCaculator" */ = {
			isa = XCConfigurationList;
			buildConfigurations = (
				6EA9D3801914ADC1004ED270 /* Debug */,
				6EA9D3811914ADC1004ED270 /* Release */,
			);
			defaultConfigurationIsVisible = 0;
		};
		6EA9D3821914ADC1004ED270 /* Build configuration list for PBXNativeTarget "TipCaculatorTests" */ = {
			isa = XCConfigurationList;
			buildConfigurations = (
				6EA9D3831914ADC1004ED270 /* Debug */,
				6EA9D3841914ADC1004ED270 /* Release */,
			);
			defaultConfigurationIsVisible = 0;
		};
/* End XCConfigurationList section */
	};
	rootObject = 6EA9D34B1914ADC1004ED270 /* Project object */;
}
